
Microsoft Visual Studio Solution File, Format Version 12.00
# Visual Studio Version 18
VisualStudioVersion = 18.3.11520.95
MinimumVisualStudioVersion = 10.0.40219.1
Project("{9A19103F-16F7-4668-BE54-9A1E7A4F7556}") = "SignalsDotnet", "SignalsDotnet\SignalsDotnet.csproj", "{A54925EA-A0B1-4DD7-991A-4B55E21DC2C2}"
EndProject
Project("{9A19103F-16F7-4668-BE54-9A1E7A4F7556}") = "SignalsDotnet.Tests", "SignalsDotnet.Tests\SignalsDotnet.Tests.csproj", "{D6DA2778-8C20-4D1D-A4E7-956FEAE51859}"
EndProject
Project("{FAE04EC0-301F-11D3-BF4B-00C04F79EFBC}") = "SignalsDotnet.PeformanceTests", "SignalsDotnet.PeformanceTests\SignalsDotnet.PeformanceTests.csproj", "{C7366C63-2562-435B-B78D-9D51C0649CBA}"
EndProject
Project("{FAE04EC0-301F-11D3-BF4B-00C04F79EFBC}") = "SignalsDotnet.Blazor", "SignalsDotnet.Blazor\SignalsDotnet.Blazor.csproj", "{12B1ADF4-CC56-46CB-9CB9-B42F91B63693}"
EndProject
Project("{FAE04EC0-301F-11D3-BF4B-00C04F79EFBC}") = "SignalsDotnet.SourceGenerators", "SignalsDotnet.SourceGenerators\SignalsDotnet.SourceGenerators.csproj", "{26845D6E-BAA6-4616-8CB6-A616A1377B87}"
EndProject
Project("{FAE04EC0-301F-11D3-BF4B-00C04F79EFBC}") = "SignalsDotnet.SourceGenerators.Tests", "SignalsDotnet.SourceGenerators.Tests\SignalsDotnet.SourceGenerators.Tests.csproj", "{D50DEBD7-816F-4E8C-BCC0-47F50977DD86}"
EndProject
Project("{FAE04EC0-301F-11D3-BF4B-00C04F79EFBC}") = "SignalsDotnet.Query", "SignalsDotnet.Query\SignalsDotnet.Query.csproj", "{370B8043-9576-4684-A990-4FA242AF1CCF}"
EndProject
Project("{FAE04EC0-301F-11D3-BF4B-00C04F79EFBC}") = "SignalsDotnet.Query.Tests", "SignalsDotnet.Query.Tests\SignalsDotnet.Query.Tests.csproj", "{9AEC5443-31DE-40A3-949A-FB634E030B34}"
EndProject
Project("{FAE04EC0-301F-11D3-BF4B-00C04F79EFBC}") = "SignalsDotnet.AspNetCore", "SignalsDotnet.AspNetCore\SignalsDotnet.AspNetCore.csproj", "{06A60849-1BFB-41D6-BE94-5E404B8C1ED7}"
EndProject
Project("{FAE04EC0-301F-11D3-BF4B-00C04F79EFBC}") = "SignalsDotnet.AspNetCore.Tests", "SignalsDotnet.AspNetCore.Tests\SignalsDotnet.AspNetCore.Tests.csproj", "{DDC25202-FFBE-480B-9874-E15C8528326C}"
EndProject
Project("{FAE04EC0-301F-11D3-BF4B-00C04F79EFBC}") = "SignalsDotnet.Playground", "SignalsDotnet.Playground\SignalsDotnet.Playground.csproj", "{2BFCEB07-7928-4840-9219-39EFD996E936}"
EndProject
Project("{FAE04EC0-301F-11D3-BF4B-00C04F79EFBC}") = "SignalsDotnet.Playground.Client", "SignalsDotnet.Playground.Client\SignalsDotnet.Playground.Client.csproj", "{205A4C45-66C1-40F6-953C-AA669D752A25}"
EndProject
Project("{FAE04EC0-301F-11D3-BF4B-00C04F79EFBC}") = "SignalsDotnet.Playground.AppHost", "SignalsDotnet.Playground.AppHost\SignalsDotnet.Playground.AppHost.csproj", "{1B0DE062-0DC7-4B1A-9FCF-040D54548F6B}"
EndProject
Global
	GlobalSection(SolutionConfigurationPlatforms) = preSolution
		Debug|Any CPU = Debug|Any CPU
		Debug|x64 = Debug|x64
		Debug|x86 = Debug|x86
		Release|Any CPU = Release|Any CPU
		Release|x64 = Release|x64
		Release|x86 = Release|x86
	EndGlobalSection
	GlobalSection(ProjectConfigurationPlatforms) = postSolution
		{A54925EA-A0B1-4DD7-991A-4B55E21DC2C2}.Debug|Any CPU.ActiveCfg = Debug|Any CPU
		{A54925EA-A0B1-4DD7-991A-4B55E21DC2C2}.Debug|Any CPU.Build.0 = Debug|Any CPU
		{A54925EA-A0B1-4DD7-991A-4B55E21DC2C2}.Debug|x64.ActiveCfg = Debug|Any CPU
		{A54925EA-A0B1-4DD7-991A-4B55E21DC2C2}.Debug|x64.Build.0 = Debug|Any CPU
		{A54925EA-A0B1-4DD7-991A-4B55E21DC2C2}.Debug|x86.ActiveCfg = Debug|Any CPU
		{A54925EA-A0B1-4DD7-991A-4B55E21DC2C2}.Debug|x86.Build.0 = Debug|Any CPU
		{A54925EA-A0B1-4DD7-991A-4B55E21DC2C2}.Release|Any CPU.ActiveCfg = Release|Any CPU
		{A54925EA-A0B1-4DD7-991A-4B55E21DC2C2}.Release|Any CPU.Build.0 = Release|Any CPU
		{A54925EA-A0B1-4DD7-991A-4B55E21DC2C2}.Release|x64.ActiveCfg = Release|Any CPU
		{A54925EA-A0B1-4DD7-991A-4B55E21DC2C2}.Release|x64.Build.0 = Release|Any CPU
		{A54925EA-A0B1-4DD7-991A-4B55E21DC2C2}.Release|x86.ActiveCfg = Release|Any CPU
		{A54925EA-A0B1-4DD7-991A-4B55E21DC2C2}.Release|x86.Build.0 = Release|Any CPU
		{D6DA2778-8C20-4D1D-A4E7-956FEAE51859}.Debug|Any CPU.ActiveCfg = Debug|Any CPU
		{D6DA2778-8C20-4D1D-A4E7-956FEAE51859}.Debug|Any CPU.Build.0 = Debug|Any CPU
		{D6DA2778-8C20-4D1D-A4E7-956FEAE51859}.Debug|x64.ActiveCfg = Debug|Any CPU
		{D6DA2778-8C20-4D1D-A4E7-956FEAE51859}.Debug|x64.Build.0 = Debug|Any CPU
		{D6DA2778-8C20-4D1D-A4E7-956FEAE51859}.Debug|x86.ActiveCfg = Debug|Any CPU
		{D6DA2778-8C20-4D1D-A4E7-956FEAE51859}.Debug|x86.Build.0 = Debug|Any CPU
		{D6DA2778-8C20-4D1D-A4E7-956FEAE51859}.Release|Any CPU.ActiveCfg = Release|Any CPU
		{D6DA2778-8C20-4D1D-A4E7-956FEAE51859}.Release|Any CPU.Build.0 = Release|Any CPU
		{D6DA2778-8C20-4D1D-A4E7-956FEAE51859}.Release|x64.ActiveCfg = Release|Any CPU
		{D6DA2778-8C20-4D1D-A4E7-956FEAE51859}.Release|x64.Build.0 = Release|Any CPU
		{D6DA2778-8C20-4D1D-A4E7-956FEAE51859}.Release|x86.ActiveCfg = Release|Any CPU
		{D6DA2778-8C20-4D1D-A4E7-956FEAE51859}.Release|x86.Build.0 = Release|Any CPU
		{C7366C63-2562-435B-B78D-9D51C0649CBA}.Debug|Any CPU.ActiveCfg = Debug|Any CPU
		{C7366C63-2562-435B-B78D-9D51C0649CBA}.Debug|x64.ActiveCfg = Debug|Any CPU
		{C7366C63-2562-435B-B78D-9D51C0649CBA}.Debug|x64.Build.0 = Debug|Any CPU
		{C7366C63-2562-435B-B78D-9D51C0649CBA}.Debug|x86.ActiveCfg = Debug|Any CPU
		{C7366C63-2562-435B-B78D-9D51C0649CBA}.Debug|x86.Build.0 = Debug|Any CPU
		{C7366C63-2562-435B-B78D-9D51C0649CBA}.Release|Any CPU.ActiveCfg = Release|Any CPU
		{C7366C63-2562-435B-B78D-9D51C0649CBA}.Release|x64.ActiveCfg = Release|Any CPU
		{C7366C63-2562-435B-B78D-9D51C0649CBA}.Release|x64.Build.0 = Release|Any CPU
		{C7366C63-2562-435B-B78D-9D51C0649CBA}.Release|x86.ActiveCfg = Release|Any CPU
		{C7366C63-2562-435B-B78D-9D51C0649CBA}.Release|x86.Build.0 = Release|Any CPU
		{12B1ADF4-CC56-46CB-9CB9-B42F91B63693}.Debug|Any CPU.ActiveCfg = Debug|Any CPU
		{12B1ADF4-CC56-46CB-9CB9-B42F91B63693}.Debug|Any CPU.Build.0 = Debug|Any CPU
		{12B1ADF4-CC56-46CB-9CB9-B42F91B63693}.Debug|x64.ActiveCfg = Debug|Any CPU
		{12B1ADF4-CC56-46CB-9CB9-B42F91B63693}.Debug|x64.Build.0 = Debug|Any CPU
		{12B1ADF4-CC56-46CB-9CB9-B42F91B63693}.Debug|x86.ActiveCfg = Debug|Any CPU
		{12B1ADF4-CC56-46CB-9CB9-B42F91B63693}.Debug|x86.Build.0 = Debug|Any CPU
		{12B1ADF4-CC56-46CB-9CB9-B42F91B63693}.Release|Any CPU.ActiveCfg = Release|Any CPU
		{12B1ADF4-CC56-46CB-9CB9-B42F91B63693}.Release|Any CPU.Build.0 = Release|Any CPU
		{12B1ADF4-CC56-46CB-9CB9-B42F91B63693}.Release|x64.ActiveCfg = Release|Any CPU
		{12B1ADF4-CC56-46CB-9CB9-B42F91B63693}.Release|x64.Build.0 = Release|Any CPU
		{12B1ADF4-CC56-46CB-9CB9-B42F91B63693}.Release|x86.ActiveCfg = Release|Any CPU
		{12B1ADF4-CC56-46CB-9CB9-B42F91B63693}.Release|x86.Build.0 = Release|Any CPU
		{26845D6E-BAA6-4616-8CB6-A616A1377B87}.Debug|Any CPU.ActiveCfg = Debug|Any CPU
		{26845D6E-BAA6-4616-8CB6-A616A1377B87}.Debug|Any CPU.Build.0 = Debug|Any CPU
		{26845D6E-BAA6-4616-8CB6-A616A1377B87}.Debug|x64.ActiveCfg = Debug|Any CPU
		{26845D6E-BAA6-4616-8CB6-A616A1377B87}.Debug|x64.Build.0 = Debug|Any CPU
		{26845D6E-BAA6-4616-8CB6-A616A1377B87}.Debug|x86.ActiveCfg = Debug|Any CPU
		{26845D6E-BAA6-4616-8CB6-A616A1377B87}.Debug|x86.Build.0 = Debug|Any CPU
		{26845D6E-BAA6-4616-8CB6-A616A1377B87}.Release|Any CPU.ActiveCfg = Release|Any CPU
		{26845D6E-BAA6-4616-8CB6-A616A1377B87}.Release|Any CPU.Build.0 = Release|Any CPU
		{26845D6E-BAA6-4616-8CB6-A616A1377B87}.Release|x64.ActiveCfg = Release|Any CPU
		{26845D6E-BAA6-4616-8CB6-A616A1377B87}.Release|x64.Build.0 = Release|Any CPU
		{26845D6E-BAA6-4616-8CB6-A616A1377B87}.Release|x86.ActiveCfg = Release|Any CPU
		{26845D6E-BAA6-4616-8CB6-A616A1377B87}.Release|x86.Build.0 = Release|Any CPU
		{D50DEBD7-816F-4E8C-BCC0-47F50977DD86}.Debug|Any CPU.ActiveCfg = Debug|Any CPU
		{D50DEBD7-816F-4E8C-BCC0-47F50977DD86}.Debug|Any CPU.Build.0 = Debug|Any CPU
		{D50DEBD7-816F-4E8C-BCC0-47F50977DD86}.Debug|x64.ActiveCfg = Debug|Any CPU
		{D50DEBD7-816F-4E8C-BCC0-47F50977DD86}.Debug|x64.Build.0 = Debug|Any CPU
		{D50DEBD7-816F-4E8C-BCC0-47F50977DD86}.Debug|x86.ActiveCfg = Debug|Any CPU
		{D50DEBD7-816F-4E8C-BCC0-47F50977DD86}.Debug|x86.Build.0 = Debug|Any CPU
		{D50DEBD7-816F-4E8C-BCC0-47F50977DD86}.Release|Any CPU.ActiveCfg = Release|Any CPU
		{D50DEBD7-816F-4E8C-BCC0-47F50977DD86}.Release|Any CPU.Build.0 = Release|Any CPU
		{D50DEBD7-816F-4E8C-BCC0-47F50977DD86}.Release|x64.ActiveCfg = Release|Any CPU
		{D50DEBD7-816F-4E8C-BCC0-47F50977DD86}.Release|x64.Build.0 = Release|Any CPU
		{D50DEBD7-816F-4E8C-BCC0-47F50977DD86}.Release|x86.ActiveCfg = Release|Any CPU
		{D50DEBD7-816F-4E8C-BCC0-47F50977DD86}.Release|x86.Build.0 = Release|Any CPU
		{370B8043-9576-4684-A990-4FA242AF1CCF}.Debug|Any CPU.ActiveCfg = Debug|Any CPU
		{370B8043-9576-4684-A990-4FA242AF1CCF}.Debug|Any CPU.Build.0 = Debug|Any CPU
		{370B8043-9576-4684-A990-4FA242AF1CCF}.Debug|x64.ActiveCfg = Debug|Any CPU
		{370B8043-9576-4684-A990-4FA242AF1CCF}.Debug|x64.Build.0 = Debug|Any CPU
		{370B8043-9576-4684-A990-4FA242AF1CCF}.Debug|x86.ActiveCfg = Debug|Any CPU
		{370B8043-9576-4684-A990-4FA242AF1CCF}.Debug|x86.Build.0 = Debug|Any CPU
		{370B8043-9576-4684-A990-4FA242AF1CCF}.Release|Any CPU.ActiveCfg = Release|Any CPU
		{370B8043-9576-4684-A990-4FA242AF1CCF}.Release|Any CPU.Build.0 = Release|Any CPU
		{370B8043-9576-4684-A990-4FA242AF1CCF}.Release|x64.ActiveCfg = Release|Any CPU
		{370B8043-9576-4684-A990-4FA242AF1CCF}.Release|x64.Build.0 = Release|Any CPU
		{370B8043-9576-4684-A990-4FA242AF1CCF}.Release|x86.ActiveCfg = Release|Any CPU
		{370B8043-9576-4684-A990-4FA242AF1CCF}.Release|x86.Build.0 = Release|Any CPU
		{9AEC5443-31DE-40A3-949A-FB634E030B34}.Debug|Any CPU.ActiveCfg = Debug|Any CPU
		{9AEC5443-31DE-40A3-949A-FB634E030B34}.Debug|Any CPU.Build.0 = Debug|Any CPU
		{9AEC5443-31DE-40A3-949A-FB634E030B34}.Debug|x64.ActiveCfg = Debug|Any CPU
		{9AEC5443-31DE-40A3-949A-FB634E030B34}.Debug|x64.Build.0 = Debug|Any CPU
		{9AEC5443-31DE-40A3-949A-FB634E030B34}.Debug|x86.ActiveCfg = Debug|Any CPU
		{9AEC5443-31DE-40A3-949A-FB634E030B34}.Debug|x86.Build.0 = Debug|Any CPU
		{9AEC5443-31DE-40A3-949A-FB634E030B34}.Release|Any CPU.ActiveCfg = Release|Any CPU
		{9AEC5443-31DE-40A3-949A-FB634E030B34}.Release|Any CPU.Build.0 = Release|Any CPU
		{9AEC5443-31DE-40A3-949A-FB634E030B34}.Release|x64.ActiveCfg = Release|Any CPU
		{9AEC5443-31DE-40A3-949A-FB634E030B34}.Release|x64.Build.0 = Release|Any CPU
		{9AEC5443-31DE-40A3-949A-FB634E030B34}.Release|x86.ActiveCfg = Release|Any CPU
		{9AEC5443-31DE-40A3-949A-FB634E030B34}.Release|x86.Build.0 = Release|Any CPU
		{06A60849-1BFB-41D6-BE94-5E404B8C1ED7}.Debug|Any CPU.ActiveCfg = Debug|Any CPU
		{06A60849-1BFB-41D6-BE94-5E404B8C1ED7}.Debug|Any CPU.Build.0 = Debug|Any CPU
		{06A60849-1BFB-41D6-BE94-5E404B8C1ED7}.Debug|x64.ActiveCfg = Debug|Any CPU
		{06A60849-1BFB-41D6-BE94-5E404B8C1ED7}.Debug|x64.Build.0 = Debug|Any CPU
		{06A60849-1BFB-41D6-BE94-5E404B8C1ED7}.Debug|x86.ActiveCfg = Debug|Any CPU
		{06A60849-1BFB-41D6-BE94-5E404B8C1ED7}.Debug|x86.Build.0 = Debug|Any CPU
		{06A60849-1BFB-41D6-BE94-5E404B8C1ED7}.Release|Any CPU.ActiveCfg = Release|Any CPU
		{06A60849-1BFB-41D6-BE94-5E404B8C1ED7}.Release|Any CPU.Build.0 = Release|Any CPU
		{06A60849-1BFB-41D6-BE94-5E404B8C1ED7}.Release|x64.ActiveCfg = Release|Any CPU
		{06A60849-1BFB-41D6-BE94-5E404B8C1ED7}.Release|x64.Build.0 = Release|Any CPU
		{06A60849-1BFB-41D6-BE94-5E404B8C1ED7}.Release|x86.ActiveCfg = Release|Any CPU
		{06A60849-1BFB-41D6-BE94-5E404B8C1ED7}.Release|x86.Build.0 = Release|Any CPU
		{DDC25202-FFBE-480B-9874-E15C8528326C}.Debug|Any CPU.ActiveCfg = Debug|Any CPU
		{DDC25202-FFBE-480B-9874-E15C8528326C}.Debug|Any CPU.Build.0 = Debug|Any CPU
		{DDC25202-FFBE-480B-9874-E15C8528326C}.Debug|x64.ActiveCfg = Debug|Any CPU
		{DDC25202-FFBE-480B-9874-E15C8528326C}.Debug|x64.Build.0 = Debug|Any CPU
		{DDC25202-FFBE-480B-9874-E15C8528326C}.Debug|x86.ActiveCfg = Debug|Any CPU
		{DDC25202-FFBE-480B-9874-E15C8528326C}.Debug|x86.Build.0 = Debug|Any CPU
		{DDC25202-FFBE-480B-9874-E15C8528326C}.Release|Any CPU.ActiveCfg = Release|Any CPU
		{DDC25202-FFBE-480B-9874-E15C8528326C}.Release|Any CPU.Build.0 = Release|Any CPU
		{DDC25202-FFBE-480B-9874-E15C8528326C}.Release|x64.ActiveCfg = Release|Any CPU
		{DDC25202-FFBE-480B-9874-E15C8528326C}.Release|x64.Build.0 = Release|Any CPU
		{DDC25202-FFBE-480B-9874-E15C8528326C}.Release|x86.ActiveCfg = Release|Any CPU
		{DDC25202-FFBE-480B-9874-E15C8528326C}.Release|x86.Build.0 = Release|Any CPU
		{2BFCEB07-7928-4840-9219-39EFD996E936}.Debug|Any CPU.ActiveCfg = Debug|Any CPU
		{2BFCEB07-7928-4840-9219-39EFD996E936}.Debug|Any CPU.Build.0 = Debug|Any CPU
		{2BFCEB07-7928-4840-9219-39EFD996E936}.Debug|x64.ActiveCfg = Debug|Any CPU
		{2BFCEB07-7928-4840-9219-39EFD996E936}.Debug|x64.Build.0 = Debug|Any CPU
		{2BFCEB07-7928-4840-9219-39EFD996E936}.Debug|x86.ActiveCfg = Debug|Any CPU
		{2BFCEB07-7928-4840-9219-39EFD996E936}.Debug|x86.Build.0 = Debug|Any CPU
		{2BFCEB07-7928-4840-9219-39EFD996E936}.Release|Any CPU.ActiveCfg = Release|Any CPU
		{2BFCEB07-7928-4840-9219-39EFD996E936}.Release|Any CPU.Build.0 = Release|Any CPU
		{2BFCEB07-7928-4840-9219-39EFD996E936}.Release|x64.ActiveCfg = Release|Any CPU
		{2BFCEB07-7928-4840-9219-39EFD996E936}.Release|x64.Build.0 = Release|Any CPU
		{2BFCEB07-7928-4840-9219-39EFD996E936}.Release|x86.ActiveCfg = Release|Any CPU
		{2BFCEB07-7928-4840-9219-39EFD996E936}.Release|x86.Build.0 = Release|Any CPU
		{205A4C45-66C1-40F6-953C-AA669D752A25}.Debug|Any CPU.ActiveCfg = Debug|Any CPU
		{205A4C45-66C1-40F6-953C-AA669D752A25}.Debug|Any CPU.Build.0 = Debug|Any CPU
		{205A4C45-66C1-40F6-953C-AA669D752A25}.Debug|x64.ActiveCfg = Debug|Any CPU
		{205A4C45-66C1-40F6-953C-AA669D752A25}.Debug|x64.Build.0 = Debug|Any CPU
		{205A4C45-66C1-40F6-953C-AA669D752A25}.Debug|x86.ActiveCfg = Debug|Any CPU
		{205A4C45-66C1-40F6-953C-AA669D752A25}.Debug|x86.Build.0 = Debug|Any CPU
		{205A4C45-66C1-40F6-953C-AA669D752A25}.Release|Any CPU.ActiveCfg = Release|Any CPU
		{205A4C45-66C1-40F6-953C-AA669D752A25}.Release|Any CPU.Build.0 = Release|Any CPU
		{205A4C45-66C1-40F6-953C-AA669D752A25}.Release|x64.ActiveCfg = Release|Any CPU
		{205A4C45-66C1-40F6-953C-AA669D752A25}.Release|x64.Build.0 = Release|Any CPU
		{205A4C45-66C1-40F6-953C-AA669D752A25}.Release|x86.ActiveCfg = Release|Any CPU
		{205A4C45-66C1-40F6-953C-AA669D752A25}.Release|x86.Build.0 = Release|Any CPU
		{1B0DE062-0DC7-4B1A-9FCF-040D54548F6B}.Debug|Any CPU.ActiveCfg = Debug|Any CPU
		{1B0DE062-0DC7-4B1A-9FCF-040D54548F6B}.Debug|Any CPU.Build.0 = Debug|Any CPU
		{1B0DE062-0DC7-4B1A-9FCF-040D54548F6B}.Debug|x64.ActiveCfg = Debug|Any CPU
		{1B0DE062-0DC7-4B1A-9FCF-040D54548F6B}.Debug|x64.Build.0 = Debug|Any CPU
		{1B0DE062-0DC7-4B1A-9FCF-040D54548F6B}.Debug|x86.ActiveCfg = Debug|Any CPU
		{1B0DE062-0DC7-4B1A-9FCF-040D54548F6B}.Debug|x86.Build.0 = Debug|Any CPU
		{1B0DE062-0DC7-4B1A-9FCF-040D54548F6B}.Release|Any CPU.ActiveCfg = Release|Any CPU
		{1B0DE062-0DC7-4B1A-9FCF-040D54548F6B}.Release|Any CPU.Build.0 = Release|Any CPU
		{1B0DE062-0DC7-4B1A-9FCF-040D54548F6B}.Release|x64.ActiveCfg = Release|Any CPU
		{1B0DE062-0DC7-4B1A-9FCF-040D54548F6B}.Release|x64.Build.0 = Release|Any CPU
		{1B0DE062-0DC7-4B1A-9FCF-040D54548F6B}.Release|x86.ActiveCfg = Release|Any CPU
		{1B0DE062-0DC7-4B1A-9FCF-040D54548F6B}.Release|x86.Build.0 = Release|Any CPU
	EndGlobalSection
	GlobalSection(SolutionProperties) = preSolution
		HideSolutionNode = FALSE
	EndGlobalSection
	GlobalSection(ExtensibilityGlobals) = postSolution
		SolutionGuid = {1395FD1B-A0BE-49AD-B46F-8AEC100E338B}
	EndGlobalSection
EndGlobal
